
Microsoft Visual Studio Solution File, Format Version 12.00
# Visual Studio Version 17
VisualStudioVersion = 17.14.36414.22
MinimumVisualStudioVersion = 10.0.40219.1
Project("{2150E333-8FDC-42A3-9474-1A3956D46DE8}") = "Task0", "Task0", "{02EA681E-C7D8-13C7-8484-4AC65E1B71E8}"
EndProject
Project("{FAE04EC0-301F-11D3-BF4B-00C04F79EFBC}") = "Tyuiu.UlukhanovDV.Sprint5.Task0.V24.Lib", "Tyuiu.UlukhanovDV.Sprint5.Task0.V24.Lib\Tyuiu.UlukhanovDV.Sprint5.Task0.V24.Lib.csproj", "{A433C8C0-6480-469E-845F-B05AD00A71BE}"
EndProject
Project("{FAE04EC0-301F-11D3-BF4B-00C04F79EFBC}") = "Tyuiu.UlukhanovDV.Sprint5.Task0.V24.Test", "Tyuiu.UlukhanovDV.Sprint5.Task0.V24.Test\Tyuiu.UlukhanovDV.Sprint5.Task0.V24.Test.csproj", "{CBD900D6-D9ED-49FA-900E-C9252E4B8B9E}"
EndProject
Project("{FAE04EC0-301F-11D3-BF4B-00C04F79EFBC}") = "Tyuiu.UlukhanovDV.Sprint5.Task0.V24", "Tyuiu.UlukhanovDV.Sprint5.Task0.V24\Tyuiu.UlukhanovDV.Sprint5.Task0.V24.csproj", "{62BAECB4-510B-4207-9016-FC6953101077}"
EndProject
Project("{2150E333-8FDC-42A3-9474-1A3956D46DE8}") = "Task1", "Task1", "{DC7B97CB-1B17-41DA-98C9-3CC67F7E6D31}"
EndProject
Project("{FAE04EC0-301F-11D3-BF4B-00C04F79EFBC}") = "Tyuiu.UlukhanovDV.Sprint5.Task1.V5.Lib", "Tyuiu.UlukhanovDV.Sprint5.Task1.V5.Lib\Tyuiu.UlukhanovDV.Sprint5.Task1.V5.Lib.csproj", "{BAC9B388-2E8A-487A-95E4-F50CD691CBD2}"
EndProject
Project("{FAE04EC0-301F-11D3-BF4B-00C04F79EFBC}") = "Tyuiu.UlukhanovDV.Sprint5.Task1.V5.Test", "Tyuiu.UlukhanovDV.Sprint5.Task1.V5.Test\Tyuiu.UlukhanovDV.Sprint5.Task1.V5.Test.csproj", "{209C50B9-5616-448A-A0B5-05C6B32DB7B7}"
EndProject
Project("{FAE04EC0-301F-11D3-BF4B-00C04F79EFBC}") = "Tyuiu.UlukhanovDV.Sprint5.Task1.V5", "Tyuiu.UlukhanovDV.Sprint5.Task1.V5\Tyuiu.UlukhanovDV.Sprint5.Task1.V5.csproj", "{EB4CFB9A-6832-4518-92BA-39EDCF3769DB}"
EndProject
Project("{2150E333-8FDC-42A3-9474-1A3956D46DE8}") = "Task2", "Task2", "{9607E4FE-6B69-4168-9DB5-94C3AA00373E}"
EndProject
Project("{FAE04EC0-301F-11D3-BF4B-00C04F79EFBC}") = "Tyuiu.UlukhanovDV.Sprint5.Task2.V4.Lib", "Tyuiu.UlukhanovDV.Sprint5.Task2.V4.Lib\Tyuiu.UlukhanovDV.Sprint5.Task2.V4.Lib.csproj", "{0E80D5FB-265A-466A-A431-94B7F181C591}"
EndProject
Project("{FAE04EC0-301F-11D3-BF4B-00C04F79EFBC}") = "Tyuiu.UlukhanovDV.Sprint5.Task2.V4.Test", "Tyuiu.UlukhanovDV.Sprint5.Task2.V4.Test\Tyuiu.UlukhanovDV.Sprint5.Task2.V4.Test.csproj", "{8E2AAB36-99CA-4710-AB4E-0B9ACB396189}"
EndProject
Project("{FAE04EC0-301F-11D3-BF4B-00C04F79EFBC}") = "Tyuiu.UlukhanovDV.Sprint5.Task2.V4", "Tyuiu.UlukhanovDV.Sprint5.Task2.V4\Tyuiu.UlukhanovDV.Sprint5.Task2.V4.csproj", "{0123DA51-6EE0-4A0C-83DD-9774194FA954}"
EndProject
Global
	GlobalSection(SolutionConfigurationPlatforms) = preSolution
		Debug|Any CPU = Debug|Any CPU
		Release|Any CPU = Release|Any CPU
	EndGlobalSection
	GlobalSection(ProjectConfigurationPlatforms) = postSolution
		{A433C8C0-6480-469E-845F-B05AD00A71BE}.Debug|Any CPU.ActiveCfg = Debug|Any CPU
		{A433C8C0-6480-469E-845F-B05AD00A71BE}.Debug|Any CPU.Build.0 = Debug|Any CPU
		{A433C8C0-6480-469E-845F-B05AD00A71BE}.Release|Any CPU.ActiveCfg = Release|Any CPU
		{A433C8C0-6480-469E-845F-B05AD00A71BE}.Release|Any CPU.Build.0 = Release|Any CPU
		{CBD900D6-D9ED-49FA-900E-C9252E4B8B9E}.Debug|Any CPU.ActiveCfg = Debug|Any CPU
		{CBD900D6-D9ED-49FA-900E-C9252E4B8B9E}.Debug|Any CPU.Build.0 = Debug|Any CPU
		{CBD900D6-D9ED-49FA-900E-C9252E4B8B9E}.Release|Any CPU.ActiveCfg = Release|Any CPU
		{CBD900D6-D9ED-49FA-900E-C9252E4B8B9E}.Release|Any CPU.Build.0 = Release|Any CPU
		{62BAECB4-510B-4207-9016-FC6953101077}.Debug|Any CPU.ActiveCfg = Debug|Any CPU
		{62BAECB4-510B-4207-9016-FC6953101077}.Debug|Any CPU.Build.0 = Debug|Any CPU
		{62BAECB4-510B-4207-9016-FC6953101077}.Release|Any CPU.ActiveCfg = Release|Any CPU
		{62BAECB4-510B-4207-9016-FC6953101077}.Release|Any CPU.Build.0 = Release|Any CPU
		{BAC9B388-2E8A-487A-95E4-F50CD691CBD2}.Debug|Any CPU.ActiveCfg = Debug|Any CPU
		{BAC9B388-2E8A-487A-95E4-F50CD691CBD2}.Debug|Any CPU.Build.0 = Debug|Any CPU
		{BAC9B388-2E8A-487A-95E4-F50CD691CBD2}.Release|Any CPU.ActiveCfg = Release|Any CPU
		{BAC9B388-2E8A-487A-95E4-F50CD691CBD2}.Release|Any CPU.Build.0 = Release|Any CPU
		{209C50B9-5616-448A-A0B5-05C6B32DB7B7}.Debug|Any CPU.ActiveCfg = Debug|Any CPU
		{209C50B9-5616-448A-A0B5-05C6B32DB7B7}.Debug|Any CPU.Build.0 = Debug|Any CPU
		{209C50B9-5616-448A-A0B5-05C6B32DB7B7}.Release|Any CPU.ActiveCfg = Release|Any CPU
		{209C50B9-5616-448A-A0B5-05C6B32DB7B7}.Release|Any CPU.Build.0 = Release|Any CPU
		{EB4CFB9A-6832-4518-92BA-39EDCF3769DB}.Debug|Any CPU.ActiveCfg = Debug|Any CPU
		{EB4CFB9A-6832-4518-92BA-39EDCF3769DB}.Debug|Any CPU.Build.0 = Debug|Any CPU
		{EB4CFB9A-6832-4518-92BA-39EDCF3769DB}.Release|Any CPU.ActiveCfg = Release|Any CPU
		{EB4CFB9A-6832-4518-92BA-39EDCF3769DB}.Release|Any CPU.Build.0 = Release|Any CPU
		{0E80D5FB-265A-466A-A431-94B7F181C591}.Debug|Any CPU.ActiveCfg = Debug|Any CPU
		{0E80D5FB-265A-466A-A431-94B7F181C591}.Debug|Any CPU.Build.0 = Debug|Any CPU
		{0E80D5FB-265A-466A-A431-94B7F181C591}.Release|Any CPU.ActiveCfg = Release|Any CPU
		{0E80D5FB-265A-466A-A431-94B7F181C591}.Release|Any CPU.Build.0 = Release|Any CPU
		{8E2AAB36-99CA-4710-AB4E-0B9ACB396189}.Debug|Any CPU.ActiveCfg = Debug|Any CPU
		{8E2AAB36-99CA-4710-AB4E-0B9ACB396189}.Debug|Any CPU.Build.0 = Debug|Any CPU
		{8E2AAB36-99CA-4710-AB4E-0B9ACB396189}.Release|Any CPU.ActiveCfg = Release|Any CPU
		{8E2AAB36-99CA-4710-AB4E-0B9ACB396189}.Release|Any CPU.Build.0 = Release|Any CPU
		{0123DA51-6EE0-4A0C-83DD-9774194FA954}.Debug|Any CPU.ActiveCfg = Debug|Any CPU
		{0123DA51-6EE0-4A0C-83DD-9774194FA954}.Debug|Any CPU.Build.0 = Debug|Any CPU
		{0123DA51-6EE0-4A0C-83DD-9774194FA954}.Release|Any CPU.ActiveCfg = Release|Any CPU
		{0123DA51-6EE0-4A0C-83DD-9774194FA954}.Release|Any CPU.Build.0 = Release|Any CPU
	EndGlobalSection
	GlobalSection(SolutionProperties) = preSolution
		HideSolutionNode = FALSE
	EndGlobalSection
	GlobalSection(NestedProjects) = preSolution
		{A433C8C0-6480-469E-845F-B05AD00A71BE} = {02EA681E-C7D8-13C7-8484-4AC65E1B71E8}
		{CBD900D6-D9ED-49FA-900E-C9252E4B8B9E} = {02EA681E-C7D8-13C7-8484-4AC65E1B71E8}
		{62BAECB4-510B-4207-9016-FC6953101077} = {02EA681E-C7D8-13C7-8484-4AC65E1B71E8}
		{BAC9B388-2E8A-487A-95E4-F50CD691CBD2} = {DC7B97CB-1B17-41DA-98C9-3CC67F7E6D31}
		{209C50B9-5616-448A-A0B5-05C6B32DB7B7} = {DC7B97CB-1B17-41DA-98C9-3CC67F7E6D31}
		{EB4CFB9A-6832-4518-92BA-39EDCF3769DB} = {DC7B97CB-1B17-41DA-98C9-3CC67F7E6D31}
		{0E80D5FB-265A-466A-A431-94B7F181C591} = {9607E4FE-6B69-4168-9DB5-94C3AA00373E}
		{8E2AAB36-99CA-4710-AB4E-0B9ACB396189} = {9607E4FE-6B69-4168-9DB5-94C3AA00373E}
		{0123DA51-6EE0-4A0C-83DD-9774194FA954} = {9607E4FE-6B69-4168-9DB5-94C3AA00373E}
	EndGlobalSection
	GlobalSection(ExtensibilityGlobals) = postSolution
		SolutionGuid = {97E53382-E4A7-40E8-9F72-B865F4EA6270}
	EndGlobalSection
EndGlobal
